
Microsoft Visual Studio Solution File, Format Version 12.00
# Visual Studio Version 17
VisualStudioVersion = 17.3.32825.248
MinimumVisualStudioVersion = 10.0.40219.1
Project("{FAE04EC0-301F-11D3-BF4B-00C04F79EFBC}") = "UPZN55_Excel", "UPZN55_Excel\UPZN55_Excel.csproj", "{E77A71A3-0BDA-4651-B4BF-D0C82A6AC769}"
EndProject
Global
	GlobalSection(SolutionConfigurationPlatforms) = preSolution
		Debug|Any CPU = Debug|Any CPU
		Release|Any CPU = Release|Any CPU
	EndGlobalSection
	GlobalSection(ProjectConfigurationPlatforms) = postSolution
		{E77A71A3-0BDA-4651-B4BF-D0C82A6AC769}.Debug|Any CPU.ActiveCfg = Debug|Any CPU
		{E77A71A3-0BDA-4651-B4BF-D0C82A6AC769}.Debug|Any CPU.Build.0 = Debug|Any CPU
		{E77A71A3-0BDA-4651-B4BF-D0C82A6AC769}.Release|Any CPU.ActiveCfg = Release|Any CPU
		{E77A71A3-0BDA-4651-B4BF-D0C82A6AC769}.Release|Any CPU.Build.0 = Release|Any CPU
	EndGlobalSection
	GlobalSection(SolutionProperties) = preSolution
		HideSolutionNode = FALSE
	EndGlobalSection
	GlobalSection(ExtensibilityGlobals) = postSolution
		SolutionGuid = {14A17DF4-4FC0-4DA7-BBE0-AAC59C9DA120}
	EndGlobalSection
EndGlobal
